
Microsoft Visual Studio Solution File, Format Version 12.00
# Visual Studio Version 16
VisualStudioVersion = 16.0.30320.27
MinimumVisualStudioVersion = 10.0.40219.1
Project("{FAE04EC0-301F-11D3-BF4B-00C04F79EFBC}") = "Skybook", "Skybook\Skybook.csproj", "{09B18C4D-3E61-42A5-8B05-4A9045000E8B}"
EndProject
Project("{FAE04EC0-301F-11D3-BF4B-00C04F79EFBC}") = "Skybook.Data", "Skybook.Data\Skybook.Data.csproj", "{805E9B95-5A6B-4562-BD11-66AA5F7C690D}"
EndProject
Project("{FAE04EC0-301F-11D3-BF4B-00C04F79EFBC}") = "Skybook.Models", "Skybook.Models\Skybook.Models.csproj", "{214DA9E9-E00B-45D6-93CC-659516DE6B0A}"
EndProject
Project("{FAE04EC0-301F-11D3-BF4B-00C04F79EFBC}") = "Skybook.Services", "Skybook.Services\Skybook.Services.csproj", "{88E5378E-A550-4182-A9F8-1A5A129BF969}"
EndProject
Global
	GlobalSection(SolutionConfigurationPlatforms) = preSolution
		Debug|Any CPU = Debug|Any CPU
		Release|Any CPU = Release|Any CPU
	EndGlobalSection
	GlobalSection(ProjectConfigurationPlatforms) = postSolution
		{09B18C4D-3E61-42A5-8B05-4A9045000E8B}.Debug|Any CPU.ActiveCfg = Debug|Any CPU
		{09B18C4D-3E61-42A5-8B05-4A9045000E8B}.Debug|Any CPU.Build.0 = Debug|Any CPU
		{09B18C4D-3E61-42A5-8B05-4A9045000E8B}.Release|Any CPU.ActiveCfg = Release|Any CPU
		{09B18C4D-3E61-42A5-8B05-4A9045000E8B}.Release|Any CPU.Build.0 = Release|Any CPU
		{805E9B95-5A6B-4562-BD11-66AA5F7C690D}.Debug|Any CPU.ActiveCfg = Debug|Any CPU
		{805E9B95-5A6B-4562-BD11-66AA5F7C690D}.Debug|Any CPU.Build.0 = Debug|Any CPU
		{805E9B95-5A6B-4562-BD11-66AA5F7C690D}.Release|Any CPU.ActiveCfg = Release|Any CPU
		{805E9B95-5A6B-4562-BD11-66AA5F7C690D}.Release|Any CPU.Build.0 = Release|Any CPU
		{214DA9E9-E00B-45D6-93CC-659516DE6B0A}.Debug|Any CPU.ActiveCfg = Debug|Any CPU
		{214DA9E9-E00B-45D6-93CC-659516DE6B0A}.Debug|Any CPU.Build.0 = Debug|Any CPU
		{214DA9E9-E00B-45D6-93CC-659516DE6B0A}.Release|Any CPU.ActiveCfg = Release|Any CPU
		{214DA9E9-E00B-45D6-93CC-659516DE6B0A}.Release|Any CPU.Build.0 = Release|Any CPU
		{88E5378E-A550-4182-A9F8-1A5A129BF969}.Debug|Any CPU.ActiveCfg = Debug|Any CPU
		{88E5378E-A550-4182-A9F8-1A5A129BF969}.Debug|Any CPU.Build.0 = Debug|Any CPU
		{88E5378E-A550-4182-A9F8-1A5A129BF969}.Release|Any CPU.ActiveCfg = Release|Any CPU
		{88E5378E-A550-4182-A9F8-1A5A129BF969}.Release|Any CPU.Build.0 = Release|Any CPU
	EndGlobalSection
	GlobalSection(SolutionProperties) = preSolution
		HideSolutionNode = FALSE
	EndGlobalSection
	GlobalSection(ExtensibilityGlobals) = postSolution
		SolutionGuid = {B78F5E9B-AB09-4B4A-AA69-20DED34EF1E9}
	EndGlobalSection
EndGlobal
